# THIS IS AN AUTOGENERATED FILE. DO NOT EDIT THIS FILE DIRECTLY.
# yarn lockfile v1


"@babel/runtime@7.0.0-beta.56":
  version "7.0.0-beta.56"
  resolved "https://registry.yarnpkg.com/@babel/runtime/-/runtime-7.0.0-beta.56.tgz#cda612dffd5b1719a7b8e91e3040bd6ae64de8b0"
  dependencies:
    regenerator-runtime "^0.12.0"

"@babel/runtime@7.0.0-rc.1":
  version "7.0.0-rc.1"
  resolved "https://registry.yarnpkg.com/@babel/runtime/-/runtime-7.0.0-rc.1.tgz#42f36fc5817911c89ea75da2b874054922967616"
  dependencies:
    regenerator-runtime "^0.12.0"

"@esbuild/android-arm64@0.18.20":
  version "0.18.20"
  resolved "https://registry.yarnpkg.com/@esbuild/android-arm64/-/android-arm64-0.18.20.tgz#984b4f9c8d0377443cc2dfcef266d02244593622"
  integrity sha512-Nz4rJcchGDtENV0eMKUNa6L12zz2zBDXuhj/Vjh18zGqB44Bi7MBMSXjgunJgjRhCmKOjnPuZp4Mb6OKqtMHLQ==

"@esbuild/android-arm@0.18.20":
  version "0.18.20"
  resolved "https://registry.yarnpkg.com/@esbuild/android-arm/-/android-arm-0.18.20.tgz#fedb265bc3a589c84cc11f810804f234947c3682"
  integrity sha512-fyi7TDI/ijKKNZTUJAQqiG5T7YjJXgnzkURqmGj13C6dCqckZBLdl4h7bkhHt/t0WP+zO9/zwroDvANaOqO5Sw==

"@esbuild/android-x64@0.18.20":
  version "0.18.20"
  resolved "https://registry.yarnpkg.com/@esbuild/android-x64/-/android-x64-0.18.20.tgz#35cf419c4cfc8babe8893d296cd990e9e9f756f2"
  integrity sha512-8GDdlePJA8D6zlZYJV/jnrRAi6rOiNaCC/JclcXpB+KIuvfBN4owLtgzY2bsxnx666XjJx2kDPUmnTtR8qKQUg==

"@esbuild/darwin-arm64@0.18.20":
  version "0.18.20"
  resolved "https://registry.yarnpkg.com/@esbuild/darwin-arm64/-/darwin-arm64-0.18.20.tgz#08172cbeccf95fbc383399a7f39cfbddaeb0d7c1"
  integrity sha512-bxRHW5kHU38zS2lPTPOyuyTm+S+eobPUnTNkdJEfAddYgEcll4xkT8DB9d2008DtTbl7uJag2HuE5NZAZgnNEA==

"@esbuild/darwin-x64@0.18.20":
  version "0.18.20"
  resolved "https://registry.yarnpkg.com/@esbuild/darwin-x64/-/darwin-x64-0.18.20.tgz#d70d5790d8bf475556b67d0f8b7c5bdff053d85d"
  integrity sha512-pc5gxlMDxzm513qPGbCbDukOdsGtKhfxD1zJKXjCCcU7ju50O7MeAZ8c4krSJcOIJGFR+qx21yMMVYwiQvyTyQ==

"@esbuild/freebsd-arm64@0.18.20":
  version "0.18.20"
  resolved "https://registry.yarnpkg.com/@esbuild/freebsd-arm64/-/freebsd-arm64-0.18.20.tgz#98755cd12707f93f210e2494d6a4b51b96977f54"
  integrity sha512-yqDQHy4QHevpMAaxhhIwYPMv1NECwOvIpGCZkECn8w2WFHXjEwrBn3CeNIYsibZ/iZEUemj++M26W3cNR5h+Tw==

"@esbuild/freebsd-x64@0.18.20":
  version "0.18.20"
  resolved "https://registry.yarnpkg.com/@esbuild/freebsd-x64/-/freebsd-x64-0.18.20.tgz#c1eb2bff03915f87c29cece4c1a7fa1f423b066e"
  integrity sha512-tgWRPPuQsd3RmBZwarGVHZQvtzfEBOreNuxEMKFcd5DaDn2PbBxfwLcj4+aenoh7ctXcbXmOQIn8HI6mCSw5MQ==

"@esbuild/linux-arm64@0.18.20":
  version "0.18.20"
  resolved "https://registry.yarnpkg.com/@esbuild/linux-arm64/-/linux-arm64-0.18.20.tgz#bad4238bd8f4fc25b5a021280c770ab5fc3a02a0"
  integrity sha512-2YbscF+UL7SQAVIpnWvYwM+3LskyDmPhe31pE7/aoTMFKKzIc9lLbyGUpmmb8a8AixOL61sQ/mFh3jEjHYFvdA==

"@esbuild/linux-arm@0.18.20":
  version "0.18.20"
  resolved "https://registry.yarnpkg.com/@esbuild/linux-arm/-/linux-arm-0.18.20.tgz#3e617c61f33508a27150ee417543c8ab5acc73b0"
  integrity sha512-/5bHkMWnq1EgKr1V+Ybz3s1hWXok7mDFUMQ4cG10AfW3wL02PSZi5kFpYKrptDsgb2WAJIvRcDm+qIvXf/apvg==

"@esbuild/linux-ia32@0.18.20":
  version "0.18.20"
  resolved "https://registry.yarnpkg.com/@esbuild/linux-ia32/-/linux-ia32-0.18.20.tgz#699391cccba9aee6019b7f9892eb99219f1570a7"
  integrity sha512-P4etWwq6IsReT0E1KHU40bOnzMHoH73aXp96Fs8TIT6z9Hu8G6+0SHSw9i2isWrD2nbx2qo5yUqACgdfVGx7TA==

"@esbuild/linux-loong64@0.18.20":
  version "0.18.20"
  resolved "https://registry.yarnpkg.com/@esbuild/linux-loong64/-/linux-loong64-0.18.20.tgz#e6fccb7aac178dd2ffb9860465ac89d7f23b977d"
  integrity sha512-nXW8nqBTrOpDLPgPY9uV+/1DjxoQ7DoB2N8eocyq8I9XuqJ7BiAMDMf9n1xZM9TgW0J8zrquIb/A7s3BJv7rjg==

"@esbuild/linux-mips64el@0.18.20":
  version "0.18.20"
  resolved "https://registry.yarnpkg.com/@esbuild/linux-mips64el/-/linux-mips64el-0.18.20.tgz#eeff3a937de9c2310de30622a957ad1bd9183231"
  integrity sha512-d5NeaXZcHp8PzYy5VnXV3VSd2D328Zb+9dEq5HE6bw6+N86JVPExrA6O68OPwobntbNJ0pzCpUFZTo3w0GyetQ==

"@esbuild/linux-ppc64@0.18.20":
  version "0.18.20"
  resolved "https://registry.yarnpkg.com/@esbuild/linux-ppc64/-/linux-ppc64-0.18.20.tgz#2f7156bde20b01527993e6881435ad79ba9599fb"
  integrity sha512-WHPyeScRNcmANnLQkq6AfyXRFr5D6N2sKgkFo2FqguP44Nw2eyDlbTdZwd9GYk98DZG9QItIiTlFLHJHjxP3FA==

"@esbuild/linux-riscv64@0.18.20":
  version "0.18.20"
  resolved "https://registry.yarnpkg.com/@esbuild/linux-riscv64/-/linux-riscv64-0.18.20.tgz#6628389f210123d8b4743045af8caa7d4ddfc7a6"
  integrity sha512-WSxo6h5ecI5XH34KC7w5veNnKkju3zBRLEQNY7mv5mtBmrP/MjNBCAlsM2u5hDBlS3NGcTQpoBvRzqBcRtpq1A==

"@esbuild/linux-s390x@0.18.20":
  version "0.18.20"
  resolved "https://registry.yarnpkg.com/@esbuild/linux-s390x/-/linux-s390x-0.18.20.tgz#255e81fb289b101026131858ab99fba63dcf0071"
  integrity sha512-+8231GMs3mAEth6Ja1iK0a1sQ3ohfcpzpRLH8uuc5/KVDFneH6jtAJLFGafpzpMRO6DzJ6AvXKze9LfFMrIHVQ==

"@esbuild/linux-x64@0.18.20":
  version "0.18.20"
  resolved "https://registry.yarnpkg.com/@esbuild/linux-x64/-/linux-x64-0.18.20.tgz#c7690b3417af318a9b6f96df3031a8865176d338"
  integrity sha512-UYqiqemphJcNsFEskc73jQ7B9jgwjWrSayxawS6UVFZGWrAAtkzjxSqnoclCXxWtfwLdzU+vTpcNYhpn43uP1w==

"@esbuild/netbsd-x64@0.18.20":
  version "0.18.20"
  resolved "https://registry.yarnpkg.com/@esbuild/netbsd-x64/-/netbsd-x64-0.18.20.tgz#30e8cd8a3dded63975e2df2438ca109601ebe0d1"
  integrity sha512-iO1c++VP6xUBUmltHZoMtCUdPlnPGdBom6IrO4gyKPFFVBKioIImVooR5I83nTew5UOYrk3gIJhbZh8X44y06A==

"@esbuild/openbsd-x64@0.18.20":
  version "0.18.20"
  resolved "https://registry.yarnpkg.com/@esbuild/openbsd-x64/-/openbsd-x64-0.18.20.tgz#7812af31b205055874c8082ea9cf9ab0da6217ae"
  integrity sha512-e5e4YSsuQfX4cxcygw/UCPIEP6wbIL+se3sxPdCiMbFLBWu0eiZOJ7WoD+ptCLrmjZBK1Wk7I6D/I3NglUGOxg==

"@esbuild/sunos-x64@0.18.20":
  version "0.18.20"
  resolved "https://registry.yarnpkg.com/@esbuild/sunos-x64/-/sunos-x64-0.18.20.tgz#d5c275c3b4e73c9b0ecd38d1ca62c020f887ab9d"
  integrity sha512-kDbFRFp0YpTQVVrqUd5FTYmWo45zGaXe0X8E1G/LKFC0v8x0vWrhOWSLITcCn63lmZIxfOMXtCfti/RxN/0wnQ==

"@esbuild/win32-arm64@0.18.20":
  version "0.18.20"
  resolved "https://registry.yarnpkg.com/@esbuild/win32-arm64/-/win32-arm64-0.18.20.tgz#73bc7f5a9f8a77805f357fab97f290d0e4820ac9"
  integrity sha512-ddYFR6ItYgoaq4v4JmQQaAI5s7npztfV4Ag6NrhiaW0RrnOXqBkgwZLofVTlq1daVTQNhtI5oieTvkRPfZrePg==

"@esbuild/win32-ia32@0.18.20":
  version "0.18.20"
  resolved "https://registry.yarnpkg.com/@esbuild/win32-ia32/-/win32-ia32-0.18.20.tgz#ec93cbf0ef1085cc12e71e0d661d20569ff42102"
  integrity sha512-Wv7QBi3ID/rROT08SABTS7eV4hX26sVduqDOTe1MvGMjNd3EjOz4b7zeexIR62GTIEKrfJXKL9LFxTYgkyeu7g==

"@esbuild/win32-x64@0.18.20":
  version "0.18.20"
  resolved "https://registry.yarnpkg.com/@esbuild/win32-x64/-/win32-x64-0.18.20.tgz#786c5f41f043b07afb1af37683d7c33668858f6d"
  integrity sha512-kTdfRcSiDfQca/y9QIkng02avJ+NCaQvrMejlsB3RRv5sE9rRoeBPISaZpKxHELzRxZyLvNts1P27W3wV+8geQ==

"@material-ui/core@^1.5.1":
  version "1.5.1"
  resolved "https://registry.yarnpkg.com/@material-ui/core/-/core-1.5.1.tgz#cb00cb934447ae688e08129f1dab55f54d29d87a"
  dependencies:
    "@babel/runtime" "7.0.0-rc.1"
    "@types/jss" "^9.5.3"
    "@types/react-transition-group" "^2.0.8"
    brcast "^3.0.1"
    classnames "^2.2.5"
    csstype "^2.5.2"
    debounce "^1.1.0"
    deepmerge "^2.0.1"
    dom-helpers "^3.2.1"
    hoist-non-react-statics "^2.5.0"
    is-plain-object "^2.0.4"
    jss "^9.3.3"
    jss-camel-case "^6.0.0"
    jss-default-unit "^8.0.2"
    jss-global "^3.0.0"
    jss-nested "^6.0.1"
    jss-props-sort "^6.0.0"
    jss-vendor-prefixer "^7.0.0"
    keycode "^2.1.9"
    normalize-scroll-left "^0.1.2"
    popper.js "^1.14.1"
    prop-types "^15.6.0"
    react-event-listener "^0.6.2"
    react-jss "^8.1.0"
    react-transition-group "^2.2.1"
    recompose "^0.28.0"
    warning "^4.0.1"

"@swc/core-darwin-arm64@1.3.82":
  version "1.3.82"
  resolved "https://registry.yarnpkg.com/@swc/core-darwin-arm64/-/core-darwin-arm64-1.3.82.tgz#bbf9874747b51053d8a59ea26c3e235c326f24a3"
  integrity sha512-JfsyDW34gVKD3uE0OUpUqYvAD3yseEaicnFP6pB292THtLJb0IKBBnK50vV/RzEJtc1bR3g1kNfxo2PeurZTrA==

"@swc/core-darwin-x64@1.3.82":
  version "1.3.82"
  resolved "https://registry.yarnpkg.com/@swc/core-darwin-x64/-/core-darwin-x64-1.3.82.tgz#145cdde16678e0d793620035783e5b413a16ac43"
  integrity sha512-ogQWgNMq7qTpITjcP3dnzkFNj7bh6SwMr859GvtOTrE75H7L7jDWxESfH4f8foB/LGxBKiDNmxKhitCuAsZK4A==

"@swc/core-linux-arm-gnueabihf@1.3.82":
  version "1.3.82"
  resolved "https://registry.yarnpkg.com/@swc/core-linux-arm-gnueabihf/-/core-linux-arm-gnueabihf-1.3.82.tgz#0c2f32c5793f2ac8e8ccf416aec84d016c30ef7b"
  integrity sha512-7TMXG1lXlNhD0kUiEqs+YlGV4irAdBa2quuy+XI3oJf2fBK6dQfEq4xBy65B3khrorzQS3O0oDGQ+cmdpHExHA==

"@swc/core-linux-arm64-gnu@1.3.82":
  version "1.3.82"
  resolved "https://registry.yarnpkg.com/@swc/core-linux-arm64-gnu/-/core-linux-arm64-gnu-1.3.82.tgz#2313d4901fa0ebdd2a0f189909073e1e8a07f1d6"
  integrity sha512-26JkOujbzcItPAmIbD5vHJxQVy5ihcSu3YHTKwope1h28sApZdtE7S3e2G3gsZRTIdsCQkXUtAQeqHxGWWR3pw==

"@swc/core-linux-arm64-musl@1.3.82":
  version "1.3.82"
  resolved "https://registry.yarnpkg.com/@swc/core-linux-arm64-musl/-/core-linux-arm64-musl-1.3.82.tgz#6e96cf6e52e647fecf27511d766bea90e96f8a2f"
  integrity sha512-8Izj9tuuMpoc3cqiPBRtwqpO1BZ/+sfZVsEhLxrbOFlcSb8LnKyMle1g3JMMUwI4EU75RGVIzZMn8A6GOKdJbA==

"@swc/core-linux-x64-gnu@1.3.82":
  version "1.3.82"
  resolved "https://registry.yarnpkg.com/@swc/core-linux-x64-gnu/-/core-linux-x64-gnu-1.3.82.tgz#6275c10d7c8c0768550bc7934c9dd8cde4881d92"
  integrity sha512-0GSrIBScQwTaPv46T2qB7XnDYxndRCpwH4HMjh6FN+I+lfPUhTSJKW8AonqrqT1TbpFIgvzQs7EnTsD7AnSCow==

"@swc/core-linux-x64-musl@1.3.82":
  version "1.3.82"
  resolved "https://registry.yarnpkg.com/@swc/core-linux-x64-musl/-/core-linux-x64-musl-1.3.82.tgz#edb98c30bd0de42bf1a63469937630d942c71988"
  integrity sha512-KJUnaaepDKNzrEbwz4jv0iC3/t9x0NSoe06fnkAlhh2+NFKWKKJhVCOBTrpds8n7eylBDIXUlK34XQafjVMUdg==

"@swc/core-win32-arm64-msvc@1.3.82":
  version "1.3.82"
  resolved "https://registry.yarnpkg.com/@swc/core-win32-arm64-msvc/-/core-win32-arm64-msvc-1.3.82.tgz#0a8e9b361aac37d01f684c8a3d3e94e5f8c3b14f"
  integrity sha512-TR3MHKhDYIyGyFcyl2d/p1ftceXcubAhX5wRSOdtOyr5+K/v3jbyCCqN7bbqO5o43wQVCwwR/drHleYyDZvg8Q==

"@swc/core-win32-ia32-msvc@1.3.82":
  version "1.3.82"
  resolved "https://registry.yarnpkg.com/@swc/core-win32-ia32-msvc/-/core-win32-ia32-msvc-1.3.82.tgz#096854ff764282766271f1354ee1214358a8bf01"
  integrity sha512-ZX4HzVVt6hs84YUg70UvyBJnBOIspmQQM0iXSzBvOikk3zRoN7BnDwQH4GScvevCEBuou60+i4I6d5kHLOfh8Q==

"@swc/core-win32-x64-msvc@1.3.82":
  version "1.3.82"
  resolved "https://registry.yarnpkg.com/@swc/core-win32-x64-msvc/-/core-win32-x64-msvc-1.3.82.tgz#1181070bff4a13a7fcc7f1020eef1571f8c1257a"
  integrity sha512-4mJMnex21kbQoaHeAmHnVwQN9/XAfPszJ6n9HI7SVH+aAHnbBIR0M59/b50/CJMjTj5niUGk7EwQ3nhVNOG32g==

"@swc/core@^1.3.61":
  version "1.3.82"
  resolved "https://registry.yarnpkg.com/@swc/core/-/core-1.3.82.tgz#8f6c53db3c23a1769b6c5085fbcb3b1df9548a40"
  integrity sha512-jpC1a18HMH67018Ij2jh+hT7JBFu7ZKcQVfrZ8K6JuEY+kjXmbea07P9MbQUZbAe0FB+xi3CqEVCP73MebodJQ==
  dependencies:
    "@swc/types" "^0.1.4"
  optionalDependencies:
    "@swc/core-darwin-arm64" "1.3.82"
    "@swc/core-darwin-x64" "1.3.82"
    "@swc/core-linux-arm-gnueabihf" "1.3.82"
    "@swc/core-linux-arm64-gnu" "1.3.82"
    "@swc/core-linux-arm64-musl" "1.3.82"
    "@swc/core-linux-x64-gnu" "1.3.82"
    "@swc/core-linux-x64-musl" "1.3.82"
    "@swc/core-win32-arm64-msvc" "1.3.82"
    "@swc/core-win32-ia32-msvc" "1.3.82"
    "@swc/core-win32-x64-msvc" "1.3.82"

"@swc/types@^0.1.4":
  version "0.1.4"
  resolved "https://registry.yarnpkg.com/@swc/types/-/types-0.1.4.tgz#8d647e111dc97a8e2881bf71c2ee2d011698ff10"
  integrity sha512-z/G02d+59gyyUb7KYhKi9jOhicek6QD2oMaotUyG+lUkybpXoV49dY9bj7Ah5Q+y7knK2jU67UTX9FyfGzaxQg==

"@types/jss@^9.5.3":
  version "9.5.4"
  resolved "https://registry.yarnpkg.com/@types/jss/-/jss-9.5.4.tgz#89a4ee32a14a8d2937187b1a7f443750e964a74d"
  dependencies:
    csstype "^2.0.0"
    indefinite-observable "^1.0.1"

"@types/prop-types@*":
  version "15.5.5"
  resolved "https://registry.yarnpkg.com/@types/prop-types/-/prop-types-15.5.5.tgz#17038dd322c2325f5da650a94d5f9974943625e3"
  dependencies:
    "@types/react" "*"

"@types/react-transition-group@^2.0.8":
  version "2.0.13"
  resolved "https://registry.yarnpkg.com/@types/react-transition-group/-/react-transition-group-2.0.13.tgz#7769fb61eb71d64d087a713956f086a42c3ee171"
  dependencies:
    "@types/react" "*"

"@types/react@*":
  version "16.4.11"
  resolved "https://registry.yarnpkg.com/@types/react/-/react-16.4.11.tgz#330f3d864300f71150dc2d125e48644c098f8770"
  dependencies:
    "@types/prop-types" "*"
    csstype "^2.2.0"

"@vitejs/plugin-react-swc@^3.3.2":
  version "3.3.2"
  resolved "https://registry.yarnpkg.com/@vitejs/plugin-react-swc/-/plugin-react-swc-3.3.2.tgz#34a82c1728066f48a86dfecb2f15df60f89207fb"
  integrity sha512-VJFWY5sfoZerQRvJrh518h3AcQt6f/yTuWn4/TRB+dqmYU0NX1qz7qM5Wfd+gOQqUzQW4gxKqKN3KpE/P3+zrA==
  dependencies:
    "@swc/core" "^1.3.61"

asap@~2.0.3:
  version "2.0.6"
  resolved "https://registry.yarnpkg.com/asap/-/asap-2.0.6.tgz#e50347611d7e690943208bbdafebcbc2fb866d46"

brcast@^3.0.1:
  version "3.0.1"
  resolved "https://registry.yarnpkg.com/brcast/-/brcast-3.0.1.tgz#6256a8349b20de9eed44257a9b24d71493cd48dd"

change-emitter@^0.1.2:
  version "0.1.6"
  resolved "https://registry.yarnpkg.com/change-emitter/-/change-emitter-0.1.6.tgz#e8b2fe3d7f1ab7d69a32199aff91ea6931409515"

classnames@^2.2.5:
  version "2.2.6"
  resolved "https://registry.yarnpkg.com/classnames/-/classnames-2.2.6.tgz#43935bffdd291f326dad0a205309b38d00f650ce"

commander@^2.16.0:
  version "2.18.0"
  resolved "https://registry.yarnpkg.com/commander/-/commander-2.18.0.tgz#2bf063ddee7c7891176981a2cc798e5754bc6970"

core-js@^1.0.0:
  version "1.2.7"
  resolved "https://registry.yarnpkg.com/core-js/-/core-js-1.2.7.tgz#652294c14651db28fa93bd2d5ff2983a4f08c636"

css-vendor@^0.3.8:
  version "0.3.8"
  resolved "https://registry.yarnpkg.com/css-vendor/-/css-vendor-0.3.8.tgz#6421cfd3034ce664fe7673972fd0119fc28941fa"
  dependencies:
    is-in-browser "^1.0.2"

csstype@^2.0.0, csstype@^2.2.0, csstype@^2.5.2:
  version "2.5.6"
  resolved "https://registry.yarnpkg.com/csstype/-/csstype-2.5.6.tgz#2ae1db2319642d8b80a668d2d025c6196071e788"

debounce@^1.1.0:
  version "1.2.0"
  resolved "https://registry.yarnpkg.com/debounce/-/debounce-1.2.0.tgz#44a540abc0ea9943018dc0eaa95cce87f65cd131"

deepmerge@^2.0.1:
  version "2.1.1"
  resolved "https://registry.yarnpkg.com/deepmerge/-/deepmerge-2.1.1.tgz#e862b4e45ea0555072bf51e7fd0d9845170ae768"

dom-helpers@^3.2.1, dom-helpers@^3.3.1:
  version "3.3.1"
  resolved "https://registry.yarnpkg.com/dom-helpers/-/dom-helpers-3.3.1.tgz#fc1a4e15ffdf60ddde03a480a9c0fece821dd4a6"

encoding@^0.1.11:
  version "0.1.12"
  resolved "https://registry.yarnpkg.com/encoding/-/encoding-0.1.12.tgz#538b66f3ee62cd1ab51ec323829d1f9480c74beb"
  dependencies:
    iconv-lite "~0.4.13"

esbuild@^0.18.10:
  version "0.18.20"
  resolved "https://registry.yarnpkg.com/esbuild/-/esbuild-0.18.20.tgz#4709f5a34801b43b799ab7d6d82f7284a9b7a7a6"
  integrity sha512-ceqxoedUrcayh7Y7ZX6NdbbDzGROiyVBgC4PriJThBKSVPWnnFHZAkfI1lJT8QFkOwH4qOS2SJkS4wvpGl8BpA==
  optionalDependencies:
    "@esbuild/android-arm" "0.18.20"
    "@esbuild/android-arm64" "0.18.20"
    "@esbuild/android-x64" "0.18.20"
    "@esbuild/darwin-arm64" "0.18.20"
    "@esbuild/darwin-x64" "0.18.20"
    "@esbuild/freebsd-arm64" "0.18.20"
    "@esbuild/freebsd-x64" "0.18.20"
    "@esbuild/linux-arm" "0.18.20"
    "@esbuild/linux-arm64" "0.18.20"
    "@esbuild/linux-ia32" "0.18.20"
    "@esbuild/linux-loong64" "0.18.20"
    "@esbuild/linux-mips64el" "0.18.20"
    "@esbuild/linux-ppc64" "0.18.20"
    "@esbuild/linux-riscv64" "0.18.20"
    "@esbuild/linux-s390x" "0.18.20"
    "@esbuild/linux-x64" "0.18.20"
    "@esbuild/netbsd-x64" "0.18.20"
    "@esbuild/openbsd-x64" "0.18.20"
    "@esbuild/sunos-x64" "0.18.20"
    "@esbuild/win32-arm64" "0.18.20"
    "@esbuild/win32-ia32" "0.18.20"
    "@esbuild/win32-x64" "0.18.20"

fbjs@^0.8.1, fbjs@^0.8.16:
  version "0.8.17"
  resolved "https://registry.yarnpkg.com/fbjs/-/fbjs-0.8.17.tgz#c4d598ead6949112653d6588b01a5cdcd9f90fdd"
  dependencies:
    core-js "^1.0.0"
    isomorphic-fetch "^2.1.1"
    loose-envify "^1.0.0"
    object-assign "^4.1.0"
    promise "^7.1.1"
    setimmediate "^1.0.5"
    ua-parser-js "^0.7.18"

fsevents@~2.3.2:
  version "2.3.3"
  resolved "https://registry.yarnpkg.com/fsevents/-/fsevents-2.3.3.tgz#cac6407785d03675a2a5e1a5305c697b347d90d6"
  integrity sha512-5xoDfX+fL7faATnagmWPpbFtwh/R77WmMMqqHGS65C3vvB0YHrgF+B1YmZ3441tMj5n63k0212XNoJwzlhffQw==

hoist-non-react-statics@^2.3.1, hoist-non-react-statics@^2.5.0:
  version "2.5.5"
  resolved "https://registry.yarnpkg.com/hoist-non-react-statics/-/hoist-non-react-statics-2.5.5.tgz#c5903cf409c0dfd908f388e619d86b9c1174cb47"

hyphenate-style-name@^1.0.2:
  version "1.0.2"
  resolved "https://registry.yarnpkg.com/hyphenate-style-name/-/hyphenate-style-name-1.0.2.tgz#31160a36930adaf1fc04c6074f7eb41465d4ec4b"

iconv-lite@~0.4.13:
  version "0.4.23"
  resolved "https://registry.yarnpkg.com/iconv-lite/-/iconv-lite-0.4.23.tgz#297871f63be507adcfbfca715d0cd0eed84e9a63"
  dependencies:
    safer-buffer ">= 2.1.2 < 3"

indefinite-observable@^1.0.1:
  version "1.0.1"
  resolved "https://registry.yarnpkg.com/indefinite-observable/-/indefinite-observable-1.0.1.tgz#09915423cc8d6f7eb1cb7882ad134633c9a6edc3"
  dependencies:
    symbol-observable "1.0.4"

is-function@^1.0.1:
  version "1.0.1"
  resolved "https://registry.yarnpkg.com/is-function/-/is-function-1.0.1.tgz#12cfb98b65b57dd3d193a3121f5f6e2f437602b5"

is-in-browser@^1.0.2, is-in-browser@^1.1.3:
  version "1.1.3"
  resolved "https://registry.yarnpkg.com/is-in-browser/-/is-in-browser-1.1.3.tgz#56ff4db683a078c6082eb95dad7dc62e1d04f835"

is-plain-object@^2.0.1, is-plain-object@^2.0.4:
  version "2.0.4"
  resolved "https://registry.yarnpkg.com/is-plain-object/-/is-plain-object-2.0.4.tgz#2c163b3fafb1b606d9d17928f05c2a1c38e07677"
  dependencies:
    isobject "^3.0.1"

is-stream@^1.0.1:
  version "1.1.0"
  resolved "https://registry.yarnpkg.com/is-stream/-/is-stream-1.1.0.tgz#12d4a3dd4e68e0b79ceb8dbc84173ae80d91ca44"

isobject@^3.0.1:
  version "3.0.1"
  resolved "https://registry.yarnpkg.com/isobject/-/isobject-3.0.1.tgz#4e431e92b11a9731636aa1f9c8d1ccbcfdab78df"

isomorphic-fetch@^2.1.1:
  version "2.2.1"
  resolved "https://registry.yarnpkg.com/isomorphic-fetch/-/isomorphic-fetch-2.2.1.tgz#611ae1acf14f5e81f729507472819fe9733558a9"
  dependencies:
    node-fetch "^1.0.1"
    whatwg-fetch ">=0.10.0"

"js-tokens@^3.0.0 || ^4.0.0":
  version "4.0.0"
  resolved "https://registry.yarnpkg.com/js-tokens/-/js-tokens-4.0.0.tgz#19203fb59991df98e3a287050d4647cdeaf32499"

jss-camel-case@^6.0.0, jss-camel-case@^6.1.0:
  version "6.1.0"
  resolved "https://registry.yarnpkg.com/jss-camel-case/-/jss-camel-case-6.1.0.tgz#ccb1ff8d6c701c02a1fed6fb6fb6b7896e11ce44"
  dependencies:
    hyphenate-style-name "^1.0.2"

jss-compose@^5.0.0:
  version "5.0.0"
  resolved "https://registry.yarnpkg.com/jss-compose/-/jss-compose-5.0.0.tgz#ce01b2e4521d65c37ea42cf49116e5f7ab596484"
  dependencies:
    warning "^3.0.0"

jss-default-unit@^8.0.2:
  version "8.0.2"
  resolved "https://registry.yarnpkg.com/jss-default-unit/-/jss-default-unit-8.0.2.tgz#cc1e889bae4c0b9419327b314ab1c8e2826890e6"

jss-expand@^5.3.0:
  version "5.3.0"
  resolved "https://registry.yarnpkg.com/jss-expand/-/jss-expand-5.3.0.tgz#02be076efe650125c842f5bb6fb68786fe441ed6"

jss-extend@^6.2.0:
  version "6.2.0"
  resolved "https://registry.yarnpkg.com/jss-extend/-/jss-extend-6.2.0.tgz#4af09d0b72fb98ee229970f8ca852fec1ca2a8dc"
  dependencies:
    warning "^3.0.0"

jss-global@^3.0.0:
  version "3.0.0"
  resolved "https://registry.yarnpkg.com/jss-global/-/jss-global-3.0.0.tgz#e19e5c91ab2b96353c227e30aa2cbd938cdaafa2"

jss-nested@^6.0.1:
  version "6.0.1"
  resolved "https://registry.yarnpkg.com/jss-nested/-/jss-nested-6.0.1.tgz#ef992b79d6e8f63d939c4397b9d99b5cbbe824ca"
  dependencies:
    warning "^3.0.0"

jss-preset-default@^4.3.0:
  version "4.5.0"
  resolved "https://registry.yarnpkg.com/jss-preset-default/-/jss-preset-default-4.5.0.tgz#d3a457012ccd7a551312014e394c23c4b301cadd"
  dependencies:
    jss-camel-case "^6.1.0"
    jss-compose "^5.0.0"
    jss-default-unit "^8.0.2"
    jss-expand "^5.3.0"
    jss-extend "^6.2.0"
    jss-global "^3.0.0"
    jss-nested "^6.0.1"
    jss-props-sort "^6.0.0"
    jss-template "^1.0.1"
    jss-vendor-prefixer "^7.0.0"

jss-props-sort@^6.0.0:
  version "6.0.0"
  resolved "https://registry.yarnpkg.com/jss-props-sort/-/jss-props-sort-6.0.0.tgz#9105101a3b5071fab61e2d85ea74cc22e9b16323"

jss-template@^1.0.1:
  version "1.0.1"
  resolved "https://registry.yarnpkg.com/jss-template/-/jss-template-1.0.1.tgz#09aed9d86cc547b07f53ef355d7e1777f7da430a"
  dependencies:
    warning "^3.0.0"

jss-vendor-prefixer@^7.0.0:
  version "7.0.0"
  resolved "https://registry.yarnpkg.com/jss-vendor-prefixer/-/jss-vendor-prefixer-7.0.0.tgz#0166729650015ef19d9f02437c73667231605c71"
  dependencies:
    css-vendor "^0.3.8"

jss@^9.3.3, jss@^9.7.0:
  version "9.8.7"
  resolved "https://registry.yarnpkg.com/jss/-/jss-9.8.7.tgz#ed9763fc0f2f0260fc8260dac657af61e622ce05"
  dependencies:
    is-in-browser "^1.1.3"
    symbol-observable "^1.1.0"
    warning "^3.0.0"

katex@^0.10.0-rc.1:
  version "0.10.0-rc.1"
  resolved "https://registry.yarnpkg.com/katex/-/katex-0.10.0-rc.1.tgz#bd46155281f61c4855a064e2b7a89d137ee04b41"
  dependencies:
    commander "^2.16.0"

katex@^0.9.0:
  version "0.9.0"
  resolved "https://registry.yarnpkg.com/katex/-/katex-0.9.0.tgz#26a7d082c21d53725422d2d71da9b2d8455fbd4a"
  dependencies:
    match-at "^0.1.1"

keycode@^2.1.9:
  version "2.2.0"
  resolved "https://registry.yarnpkg.com/keycode/-/keycode-2.2.0.tgz#3d0af56dc7b8b8e5cba8d0a97f107204eec22b04"

lodash.isboolean@^3.0.3:
  version "3.0.3"
  resolved "https://registry.yarnpkg.com/lodash.isboolean/-/lodash.isboolean-3.0.3.tgz#6c2e171db2a257cd96802fd43b01b20d5f5870f6"

lodash.isequal@^4.5.0:
  version "4.5.0"
  resolved "https://registry.yarnpkg.com/lodash.isequal/-/lodash.isequal-4.5.0.tgz#415c4478f2bcc30120c22ce10ed3226f7d3e18e0"

lodash.isobject@^3.0.2:
  version "3.0.2"
  resolved "https://registry.yarnpkg.com/lodash.isobject/-/lodash.isobject-3.0.2.tgz#3c8fb8d5b5bf4bf90ae06e14f2a530a4ed935e1d"

loose-envify@^1.0.0, loose-envify@^1.1.0, loose-envify@^1.3.1:
  version "1.4.0"
  resolved "https://registry.yarnpkg.com/loose-envify/-/loose-envify-1.4.0.tgz#71ee51fa7be4caec1a63839f7e682d8132d30caf"
  dependencies:
    js-tokens "^3.0.0 || ^4.0.0"

match-at@^0.1.1:
  version "0.1.1"
  resolved "https://registry.yarnpkg.com/match-at/-/match-at-0.1.1.tgz#25d040d291777704d5e6556bbb79230ec2de0540"

mousetrap@^1.5.2:
  version "1.6.2"
  resolved "https://registry.yarnpkg.com/mousetrap/-/mousetrap-1.6.2.tgz#caadd9cf886db0986fb2fee59a82f6bd37527587"

nanoid@^3.3.6:
  version "3.3.6"
  resolved "https://registry.yarnpkg.com/nanoid/-/nanoid-3.3.6.tgz#443380c856d6e9f9824267d960b4236ad583ea4c"
  integrity sha512-BGcqMMJuToF7i1rt+2PWSNVnWIkGCU78jBG3RxO/bZlnZPK2Cmi2QaffxGO/2RvWi9sL+FAiRiXMgsyxQ1DIDA==

node-fetch@^1.0.1:
  version "1.7.3"
  resolved "https://registry.yarnpkg.com/node-fetch/-/node-fetch-1.7.3.tgz#980f6f72d85211a5347c6b2bc18c5b84c3eb47ef"
  dependencies:
    encoding "^0.1.11"
    is-stream "^1.0.1"

normalize-scroll-left@^0.1.2:
  version "0.1.2"
  resolved "https://registry.yarnpkg.com/normalize-scroll-left/-/normalize-scroll-left-0.1.2.tgz#6b79691ba79eb5fb107fa5edfbdc06b55caee2aa"

object-assign@^4.1.0, object-assign@^4.1.1:
  version "4.1.1"
  resolved "https://registry.yarnpkg.com/object-assign/-/object-assign-4.1.1.tgz#2109adc7965887cfc05cbbd442cac8bfbb360863"

picocolors@^1.0.0:
  version "1.0.0"
  resolved "https://registry.yarnpkg.com/picocolors/-/picocolors-1.0.0.tgz#cb5bdc74ff3f51892236eaf79d68bc44564ab81c"
  integrity sha512-1fygroTLlHu66zi26VoTDv8yRgm0Fccecssto+MhsZ0D/DGW2sm8E8AjW7NU5VVTRt5GxbeZ5qBuJr+HyLYkjQ==

popper.js@^1.14.1:
  version "1.14.4"
  resolved "https://registry.yarnpkg.com/popper.js/-/popper.js-1.14.4.tgz#8eec1d8ff02a5a3a152dd43414a15c7b79fd69b6"

postcss@^8.4.27:
  version "8.4.29"
  resolved "https://registry.yarnpkg.com/postcss/-/postcss-8.4.29.tgz#33bc121cf3b3688d4ddef50be869b2a54185a1dd"
  integrity sha512-cbI+jaqIeu/VGqXEarWkRCCffhjgXc0qjBtXpqJhTBohMUjUQnbBr0xqX3vEKudc4iviTewcJo5ajcec5+wdJw==
  dependencies:
    nanoid "^3.3.6"
    picocolors "^1.0.0"
    source-map-js "^1.0.2"

promise@^7.1.1:
  version "7.3.1"
  resolved "https://registry.yarnpkg.com/promise/-/promise-7.3.1.tgz#064b72602b18f90f29192b8b1bc418ffd1ebd3bf"
  dependencies:
    asap "~2.0.3"

prop-types@^15.5.8, prop-types@^15.6.0, prop-types@^15.6.2:
  version "15.6.2"
  resolved "https://registry.yarnpkg.com/prop-types/-/prop-types-15.6.2.tgz#05d5ca77b4453e985d60fc7ff8c859094a497102"
  dependencies:
    loose-envify "^1.3.1"
    object-assign "^4.1.1"

react-dom@^16.4.2:
  version "16.4.2"
  resolved "https://registry.yarnpkg.com/react-dom/-/react-dom-16.4.2.tgz#4afed569689f2c561d2b8da0b819669c38a0bda4"
  dependencies:
    fbjs "^0.8.16"
    loose-envify "^1.1.0"
    object-assign "^4.1.1"
    prop-types "^15.6.0"

react-event-listener@^0.6.2:
  version "0.6.3"
  resolved "https://registry.yarnpkg.com/react-event-listener/-/react-event-listener-0.6.3.tgz#8eab88129a76e095ed8aa684c29679eded1e843d"
  dependencies:
    "@babel/runtime" "7.0.0-rc.1"
    prop-types "^15.6.0"
    warning "^4.0.1"

react-hotkeys@^1.1.4:
  version "1.1.4"
  resolved "https://registry.yarnpkg.com/react-hotkeys/-/react-hotkeys-1.1.4.tgz#a0712aa2e0c03a759fd7885808598497a4dace72"
  dependencies:
    lodash.isboolean "^3.0.3"
    lodash.isequal "^4.5.0"
    lodash.isobject "^3.0.2"
    mousetrap "^1.5.2"
    prop-types "^15.6.0"

react-jss@^8.1.0:
  version "8.6.1"
  resolved "https://registry.yarnpkg.com/react-jss/-/react-jss-8.6.1.tgz#a06e2e1d2c4d91b4d11befda865e6c07fbd75252"
  dependencies:
    hoist-non-react-statics "^2.5.0"
    jss "^9.7.0"
    jss-preset-default "^4.3.0"
    prop-types "^15.6.0"
    theming "^1.3.0"

react-latex@^1.2.0:
  version "1.2.0"
  resolved "https://registry.yarnpkg.com/react-latex/-/react-latex-1.2.0.tgz#e6468657caf71fbed56d7b87cc34174454e730d7"
  dependencies:
    katex "^0.9.0"

react-lifecycles-compat@^3.0.2, react-lifecycles-compat@^3.0.4:
  version "3.0.4"
  resolved "https://registry.yarnpkg.com/react-lifecycles-compat/-/react-lifecycles-compat-3.0.4.tgz#4f1a273afdfc8f3488a8c516bfda78f872352362"

react-number-format@^3.6.0:
  version "3.6.0"
  resolved "https://registry.yarnpkg.com/react-number-format/-/react-number-format-3.6.0.tgz#29d8004325fd7a05238ab2ee89b98c87456e4e25"
  dependencies:
    prop-types "^15.6.0"

react-transition-group@^2.2.1:
  version "2.4.0"
  resolved "https://registry.yarnpkg.com/react-transition-group/-/react-transition-group-2.4.0.tgz#1d9391fabfd82e016f26fabd1eec329dbd922b5a"
  dependencies:
    dom-helpers "^3.3.1"
    loose-envify "^1.3.1"
    prop-types "^15.6.2"
    react-lifecycles-compat "^3.0.4"

react@^16.4.2:
  version "16.4.2"
  resolved "https://registry.yarnpkg.com/react/-/react-16.4.2.tgz#2cd90154e3a9d9dd8da2991149fdca3c260e129f"
  dependencies:
    fbjs "^0.8.16"
    loose-envify "^1.1.0"
    object-assign "^4.1.1"
    prop-types "^15.6.0"

recompose@^0.28.0:
  version "0.28.2"
  resolved "https://registry.yarnpkg.com/recompose/-/recompose-0.28.2.tgz#19e679227bdf979e0d31b73ffe7ae38c9194f4a7"
  dependencies:
    "@babel/runtime" "7.0.0-beta.56"
    change-emitter "^0.1.2"
    fbjs "^0.8.1"
    hoist-non-react-statics "^2.3.1"
    react-lifecycles-compat "^3.0.2"
    symbol-observable "^1.0.4"

regenerator-runtime@^0.12.0:
  version "0.12.1"
  resolved "https://registry.yarnpkg.com/regenerator-runtime/-/regenerator-runtime-0.12.1.tgz#fa1a71544764c036f8c49b13a08b2594c9f8a0de"

rollup@^3.27.1:
  version "3.28.1"
  resolved "https://registry.yarnpkg.com/rollup/-/rollup-3.28.1.tgz#fb44aa6d5e65c7e13fd5bcfff266d0c4ea9ba433"
  integrity sha512-R9OMQmIHJm9znrU3m3cpE8uhN0fGdXiawME7aZIpQqvpS/85+Vt1Hq1/yVIcYfOmaQiHjvXkQAoJukvLpau6Yw==
  optionalDependencies:
    fsevents "~2.3.2"

"safer-buffer@>= 2.1.2 < 3":
  version "2.1.2"
  resolved "https://registry.yarnpkg.com/safer-buffer/-/safer-buffer-2.1.2.tgz#44fa161b0187b9549dd84bb91802f9bd8385cd6a"

setimmediate@^1.0.5:
  version "1.0.5"
  resolved "https://registry.yarnpkg.com/setimmediate/-/setimmediate-1.0.5.tgz#290cbb232e306942d7d7ea9b83732ab7856f8285"

source-map-js@^1.0.2:
  version "1.0.2"
  resolved "https://registry.yarnpkg.com/source-map-js/-/source-map-js-1.0.2.tgz#adbc361d9c62df380125e7f161f71c826f1e490c"
  integrity sha512-R0XvVJ9WusLiqTCEiGCmICCMplcCkIwwR11mOSD9CR5u+IXYdiseeEuXCVAjS54zqwkLcPNnmU4OeJ6tUrWhDw==

symbol-observable@1.0.4:
  version "1.0.4"
  resolved "https://registry.yarnpkg.com/symbol-observable/-/symbol-observable-1.0.4.tgz#29bf615d4aa7121bdd898b22d4b3f9bc4e2aa03d"

symbol-observable@^1.0.4, symbol-observable@^1.1.0:
  version "1.2.0"
  resolved "https://registry.yarnpkg.com/symbol-observable/-/symbol-observable-1.2.0.tgz#c22688aed4eab3cdc2dfeacbb561660560a00804"

theming@^1.3.0:
  version "1.3.0"
  resolved "https://registry.yarnpkg.com/theming/-/theming-1.3.0.tgz#286d5bae80be890d0adc645e5ca0498723725bdc"
  dependencies:
    brcast "^3.0.1"
    is-function "^1.0.1"
    is-plain-object "^2.0.1"
    prop-types "^15.5.8"

typescript@^5.0.2:
  version "5.2.2"
  resolved "https://registry.yarnpkg.com/typescript/-/typescript-5.2.2.tgz#5ebb5e5a5b75f085f22bc3f8460fba308310fa78"
  integrity sha512-mI4WrpHsbCIcwT9cF4FZvr80QUeKvsUsUvKDoR+X/7XHQH98xYD8YHZg7ANtz2GtZt/CBq2QJ0thkGJMHfqc1w==

ua-parser-js@^0.7.18:
  version "0.7.18"
  resolved "https://registry.yarnpkg.com/ua-parser-js/-/ua-parser-js-0.7.18.tgz#a7bfd92f56edfb117083b69e31d2aa8882d4b1ed"

vite@^4.4.5:
  version "4.4.9"
  resolved "https://registry.yarnpkg.com/vite/-/vite-4.4.9.tgz#1402423f1a2f8d66fd8d15e351127c7236d29d3d"
  integrity sha512-2mbUn2LlUmNASWwSCNSJ/EG2HuSRTnVNaydp6vMCm5VIqJsjMfbIWtbH2kDuwUVW5mMUKKZvGPX/rqeqVvv1XA==
  dependencies:
    esbuild "^0.18.10"
    postcss "^8.4.27"
    rollup "^3.27.1"
  optionalDependencies:
    fsevents "~2.3.2"

warning@^3.0.0:
  version "3.0.0"
  resolved "https://registry.yarnpkg.com/warning/-/warning-3.0.0.tgz#32e5377cb572de4ab04753bdf8821c01ed605b7c"
  dependencies:
    loose-envify "^1.0.0"

warning@^4.0.1:
  version "4.0.2"
  resolved "https://registry.yarnpkg.com/warning/-/warning-4.0.2.tgz#aa6876480872116fa3e11d434b0d0d8d91e44607"
  dependencies:
    loose-envify "^1.0.0"

whatwg-fetch@>=0.10.0:
  version "2.0.4"
  resolved "https://registry.yarnpkg.com/whatwg-fetch/-/whatwg-fetch-2.0.4.tgz#dde6a5df315f9d39991aa17621853d720b85566f"
